
Microsoft Visual Studio Solution File, Format Version 12.00
# Visual Studio 15
VisualStudioVersion = 15.0.28307.438
MinimumVisualStudioVersion = 10.0.40219.1
Project("{FAE04EC0-301F-11D3-BF4B-00C04F79EFBC}") = "ComicBookGallery", "ComicBookGallery\ComicBookGallery.csproj", "{A2507E95-1043-47F0-BB4B-3B3271338650}"
EndProject
Global
	GlobalSection(SolutionConfigurationPlatforms) = preSolution
		Debug|Any CPU = Debug|Any CPU
		Release|Any CPU = Release|Any CPU
	EndGlobalSection
	GlobalSection(ProjectConfigurationPlatforms) = postSolution
		{A2507E95-1043-47F0-BB4B-3B3271338650}.Debug|Any CPU.ActiveCfg = Debug|Any CPU
		{A2507E95-1043-47F0-BB4B-3B3271338650}.Debug|Any CPU.Build.0 = Debug|Any CPU
		{A2507E95-1043-47F0-BB4B-3B3271338650}.Release|Any CPU.ActiveCfg = Release|Any CPU
		{A2507E95-1043-47F0-BB4B-3B3271338650}.Release|Any CPU.Build.0 = Release|Any CPU
	EndGlobalSection
	GlobalSection(SolutionProperties) = preSolution
		HideSolutionNode = FALSE
	EndGlobalSection
	GlobalSection(ExtensibilityGlobals) = postSolution
		SolutionGuid = {B50FED4E-49F6-4EC0-A129-261606C851FC}
	EndGlobalSection
EndGlobal
